
Microsoft Visual Studio Solution File, Format Version 12.00
# Visual Studio Version 16
VisualStudioVersion = 16.0.30002.166
MinimumVisualStudioVersion = 10.0.40219.1
Project("{FAE04EC0-301F-11D3-BF4B-00C04F79EFBC}") = "IntroToAPI", "IntroToAPI\IntroToAPI.csproj", "{0F7207C8-7109-44FB-8AD4-F8CB2FCFD09D}"
EndProject
Project("{FAE04EC0-301F-11D3-BF4B-00C04F79EFBC}") = "RestaurantRaterAPI", "RestaurantRaterAPI\RestaurantRaterAPI.csproj", "{28E91E89-FB2E-4BD8-A8DE-F76D9BF1D37C}"
EndProject
Project("{FAE04EC0-301F-11D3-BF4B-00C04F79EFBC}") = "GeneralStoreAPI", "GeneralStoreAPI\GeneralStoreAPI.csproj", "{0A94C1D1-6CE6-4B72-974F-2A1203246DA3}"
EndProject
Global
	GlobalSection(SolutionConfigurationPlatforms) = preSolution
		Debug|Any CPU = Debug|Any CPU
		Release|Any CPU = Release|Any CPU
	EndGlobalSection
	GlobalSection(ProjectConfigurationPlatforms) = postSolution
		{0F7207C8-7109-44FB-8AD4-F8CB2FCFD09D}.Debug|Any CPU.ActiveCfg = Debug|Any CPU
		{0F7207C8-7109-44FB-8AD4-F8CB2FCFD09D}.Debug|Any CPU.Build.0 = Debug|Any CPU
		{0F7207C8-7109-44FB-8AD4-F8CB2FCFD09D}.Release|Any CPU.ActiveCfg = Release|Any CPU
		{0F7207C8-7109-44FB-8AD4-F8CB2FCFD09D}.Release|Any CPU.Build.0 = Release|Any CPU
		{28E91E89-FB2E-4BD8-A8DE-F76D9BF1D37C}.Debug|Any CPU.ActiveCfg = Debug|Any CPU
		{28E91E89-FB2E-4BD8-A8DE-F76D9BF1D37C}.Debug|Any CPU.Build.0 = Debug|Any CPU
		{28E91E89-FB2E-4BD8-A8DE-F76D9BF1D37C}.Release|Any CPU.ActiveCfg = Release|Any CPU
		{28E91E89-FB2E-4BD8-A8DE-F76D9BF1D37C}.Release|Any CPU.Build.0 = Release|Any CPU
		{0A94C1D1-6CE6-4B72-974F-2A1203246DA3}.Debug|Any CPU.ActiveCfg = Debug|Any CPU
		{0A94C1D1-6CE6-4B72-974F-2A1203246DA3}.Debug|Any CPU.Build.0 = Debug|Any CPU
		{0A94C1D1-6CE6-4B72-974F-2A1203246DA3}.Release|Any CPU.ActiveCfg = Release|Any CPU
		{0A94C1D1-6CE6-4B72-974F-2A1203246DA3}.Release|Any CPU.Build.0 = Release|Any CPU
	EndGlobalSection
	GlobalSection(SolutionProperties) = preSolution
		HideSolutionNode = FALSE
	EndGlobalSection
	GlobalSection(ExtensibilityGlobals) = postSolution
		SolutionGuid = {836B6E59-4C18-477C-A216-2C7B5897AF9B}
	EndGlobalSection
EndGlobal
